// !$*UTF8*$!
{
	archiveVersion = 1;
	classes = {
	};
	objectVersion = 56;
	objects = {

/* Begin PBXBuildFile section */
		BA205939293D268C004E23E6 /* AppDelegate.swift in Sources */ = {isa = PBXBuildFile; fileRef = BA205938293D268C004E23E6 /* AppDelegate.swift */; };
		BA20593B293D268C004E23E6 /* SceneDelegate.swift in Sources */ = {isa = PBXBuildFile; fileRef = BA20593A293D268C004E23E6 /* SceneDelegate.swift */; };
		BA20593D293D268C004E23E6 /* ViewController.swift in Sources */ = {isa = PBXBuildFile; fileRef = BA20593C293D268C004E23E6 /* ViewController.swift */; };
		BA205940293D268C004E23E6 /* Main.storyboard in Resources */ = {isa = PBXBuildFile; fileRef = BA20593E293D268C004E23E6 /* Main.storyboard */; };
		BA205942293D268E004E23E6 /* Assets.xcassets in Resources */ = {isa = PBXBuildFile; fileRef = BA205941293D268E004E23E6 /* Assets.xcassets */; };
		BA205945293D268E004E23E6 /* LaunchScreen.storyboard in Resources */ = {isa = PBXBuildFile; fileRef = BA205943293D268E004E23E6 /* LaunchScreen.storyboard */; };
		BA20594D293D64A2004E23E6 /* EditTableViewCell.swift in Sources */ = {isa = PBXBuildFile; fileRef = BA20594C293D64A2004E23E6 /* EditTableViewCell.swift */; };
		BA235DEC293EB9AE0064CBC0 /* Movies.swift in Sources */ = {isa = PBXBuildFile; fileRef = BA235DEB293EB9AE0064CBC0 /* Movies.swift */; };
		BA235DEE293EBC6E0064CBC0 /* MoviesList.swift in Sources */ = {isa = PBXBuildFile; fileRef = BA235DED293EBC6E0064CBC0 /* MoviesList.swift */; };
		BA235DF2293EBF140064CBC0 /* MoviesTableViewController.swift in Sources */ = {isa = PBXBuildFile; fileRef = BA235DF1293EBF140064CBC0 /* MoviesTableViewController.swift */; };
/* End PBXBuildFile section */

/* Begin PBXFileReference section */
		BA205935293D268C004E23E6 /* AssignFourTVBasics.app */ = {isa = PBXFileReference; explicitFileType = wrapper.application; includeInIndex = 0; path = AssignFourTVBasics.app; sourceTree = BUILT_PRODUCTS_DIR; };
		BA205938293D268C004E23E6 /* AppDelegate.swift */ = {isa = PBXFileReference; lastKnownFileType = sourcecode.swift; path = AppDelegate.swift; sourceTree = "<group>"; };
		BA20593A293D268C004E23E6 /* SceneDelegate.swift */ = {isa = PBXFileReference; lastKnownFileType = sourcecode.swift; path = SceneDelegate.swift; sourceTree = "<group>"; };
		BA20593C293D268C004E23E6 /* ViewController.swift */ = {isa = PBXFileReference; lastKnownFileType = sourcecode.swift; path = ViewController.swift; sourceTree = "<group>"; };
		BA20593F293D268C004E23E6 /* Base */ = {isa = PBXFileReference; lastKnownFileType = file.storyboard; name = Base; path = Base.lproj/Main.storyboard; sourceTree = "<group>"; };
		BA205941293D268E004E23E6 /* Assets.xcassets */ = {isa = PBXFileReference; lastKnownFileType = folder.assetcatalog; path = Assets.xcassets; sourceTree = "<group>"; };
		BA205944293D268E004E23E6 /* Base */ = {isa = PBXFileReference; lastKnownFileType = file.storyboard; name = Base; path = Base.lproj/LaunchScreen.storyboard; sourceTree = "<group>"; };
		BA205946293D268E004E23E6 /* Info.plist */ = {isa = PBXFileReference; lastKnownFileType = text.plist.xml; path = Info.plist; sourceTree = "<group>"; };
		BA20594C293D64A2004E23E6 /* EditTableViewCell.swift */ = {isa = PBXFileReference; lastKnownFileType = sourcecode.swift; path = EditTableViewCell.swift; sourceTree = "<group>"; };
		BA235DEB293EB9AE0064CBC0 /* Movies.swift */ = {isa = PBXFileReference; lastKnownFileType = sourcecode.swift; path = Movies.swift; sourceTree = "<group>"; };
		BA235DED293EBC6E0064CBC0 /* MoviesList.swift */ = {isa = PBXFileReference; lastKnownFileType = sourcecode.swift; path = MoviesList.swift; sourceTree = "<group>"; };
		BA235DF1293EBF140064CBC0 /* MoviesTableViewController.swift */ = {isa = PBXFileReference; lastKnownFileType = sourcecode.swift; path = MoviesTableViewController.swift; sourceTree = "<group>"; };
/* End PBXFileReference section */

/* Begin PBXFrameworksBuildPhase section */
		BA205932293D268C004E23E6 /* Frameworks */ = {
			isa = PBXFrameworksBuildPhase;
			buildActionMask = 2147483647;
			files = (
			);
			runOnlyForDeploymentPostprocessing = 0;
		};
/* End PBXFrameworksBuildPhase section */

/* Begin PBXGroup section */
		BA20592C293D268C004E23E6 = {
			isa = PBXGroup;
			children = (
				BA205937293D268C004E23E6 /* AssignFourTVBasics */,
				BA205936293D268C004E23E6 /* Products */,
			);
			sourceTree = "<group>";
		};
		BA205936293D268C004E23E6 /* Products */ = {
			isa = PBXGroup;
			children = (
				BA205935293D268C004E23E6 /* AssignFourTVBasics.app */,
			);
			name = Products;
			sourceTree = "<group>";
		};
		BA205937293D268C004E23E6 /* AssignFourTVBasics */ = {
			isa = PBXGroup;
			children = (
				BA205938293D268C004E23E6 /* AppDelegate.swift */,
				BA20593A293D268C004E23E6 /* SceneDelegate.swift */,
				BA20593C293D268C004E23E6 /* ViewController.swift */,
				BA20593E293D268C004E23E6 /* Main.storyboard */,
				BA20594C293D64A2004E23E6 /* EditTableViewCell.swift */,
				BA235DEB293EB9AE0064CBC0 /* Movies.swift */,
				BA205941293D268E004E23E6 /* Assets.xcassets */,
				BA205943293D268E004E23E6 /* LaunchScreen.storyboard */,
				BA205946293D268E004E23E6 /* Info.plist */,
				BA235DED293EBC6E0064CBC0 /* MoviesList.swift */,
				BA235DF1293EBF140064CBC0 /* MoviesTableViewController.swift */,
			);
			path = AssignFourTVBasics;
			sourceTree = "<group>";
		};
/* End PBXGroup section */

/* Begin PBXNativeTarget section */
		BA205934293D268C004E23E6 /* AssignFourTVBasics */ = {
			isa = PBXNativeTarget;
			buildConfigurationList = BA205949293D268E004E23E6 /* Build configuration list for PBXNativeTarget "AssignFourTVBasics" */;
			buildPhases = (
				BA205931293D268C004E23E6 /* Sources */,
				BA205932293D268C004E23E6 /* Frameworks */,
				BA205933293D268C004E23E6 /* Resources */,
			);
			buildRules = (
			);
			dependencies = (
			);
			name = AssignFourTVBasics;
			productName = AssignFourTVBasics;
			productReference = BA205935293D268C004E23E6 /* AssignFourTVBasics.app */;
			productType = "com.apple.product-type.application";
		};
/* End PBXNativeTarget section */

/* Begin PBXProject section */
		BA20592D293D268C004E23E6 /* Project object */ = {
			isa = PBXProject;
			attributes = {
				BuildIndependentTargetsInParallel = 1;
				LastSwiftUpdateCheck = 1410;
				LastUpgradeCheck = 1410;
				TargetAttributes = {
					BA205934293D268C004E23E6 = {
						CreatedOnToolsVersion = 14.1;
					};
				};
			};
			buildConfigurationList = BA205930293D268C004E23E6 /* Build configuration list for PBXProject "AssignFourTVBasics" */;
			compatibilityVersion = "Xcode 14.0";
			developmentRegion = en;
			hasScannedForEncodings = 0;
			knownRegions = (
				en,
				Base,
			);
			mainGroup = BA20592C293D268C004E23E6;
			productRefGroup = BA205936293D268C004E23E6 /* Products */;
			projectDirPath = "";
			projectRoot = "";
			targets = (
				BA205934293D268C004E23E6 /* AssignFourTVBasics */,
			);
		};
/* End PBXProject section */

/* Begin PBXResourcesBuildPhase section */
		BA205933293D268C004E23E6 /* Resources */ = {
			isa = PBXResourcesBuildPhase;
			buildActionMask = 2147483647;
			files = (
				BA205945293D268E004E23E6 /* LaunchScreen.storyboard in Resources */,
				BA205942293D268E004E23E6 /* Assets.xcassets in Resources */,
				BA205940293D268C004E23E6 /* Main.storyboard in Resources */,
			);
			runOnlyForDeploymentPostprocessing = 0;
		};
/* End PBXResourcesBuildPhase section */

/* Begin PBXSourcesBuildPhase section */
		BA205931293D268C004E23E6 /* Sources */ = {
			isa = PBXSourcesBuildPhase;
			buildActionMask = 2147483647;
			files = (
				BA235DF2293EBF140064CBC0 /* MoviesTableViewController.swift in Sources */,
				BA235DEC293EB9AE0064CBC0 /* Movies.swift in Sources */,
				BA20593D293D268C004E23E6 /* ViewController.swift in Sources */,
				BA235DEE293EBC6E0064CBC0 /* MoviesList.swift in Sources */,
				BA205939293D268C004E23E6 /* AppDelegate.swift in Sources */,
				BA20593B293D268C004E23E6 /* SceneDelegate.swift in Sources */,
				BA20594D293D64A2004E23E6 /* EditTableViewCell.swift in Sources */,
			);
			runOnlyForDeploymentPostprocessing = 0;
		};
/* End PBXSourcesBuildPhase section */

/* Begin PBXVariantGroup section */
		BA20593E293D268C004E23E6 /* Main.storyboard */ = {
			isa = PBXVariantGroup;
			children = (
				BA20593F293D268C004E23E6 /* Base */,
			);
			name = Main.storyboard;
			sourceTree = "<group>";
		};
		BA205943293D268E004E23E6 /* LaunchScreen.storyboard */ = {
			isa = PBXVariantGroup;
			children = (
				BA205944293D268E004E23E6 /* Base */,
			);
			name = LaunchScreen.storyboard;
			sourceTree = "<group>";
		};
/* End PBXVariantGroup section */

/* Begin XCBuildConfiguration section */
		BA205947293D268E004E23E6 /* Debug */ = {
			isa = XCBuildConfiguration;
			buildSettings = {
				ALWAYS_SEARCH_USER_PATHS = NO;
				CLANG_ANALYZER_NONNULL = YES;
				CLANG_ANALYZER_NUMBER_OBJECT_CONVERSION = YES_AGGRESSIVE;
				CLANG_CXX_LANGUAGE_STANDARD = "gnu++20";
				CLANG_ENABLE_MODULES = YES;
				CLANG_ENABLE_OBJC_ARC = YES;
				CLANG_ENABLE_OBJC_WEAK = YES;
				CLANG_WARN_BLOCK_CAPTURE_AUTORELEASING = YES;
				CLANG_WARN_BOOL_CONVERSION = YES;
				CLANG_WARN_COMMA = YES;
				CLANG_WARN_CONSTANT_CONVERSION = YES;
				CLANG_WARN_DEPRECATED_OBJC_IMPLEMENTATIONS = YES;
				CLANG_WARN_DIRECT_OBJC_ISA_USAGE = YES_ERROR;
				CLANG_WARN_DOCUMENTATION_COMMENTS = YES;
				CLANG_WARN_EMPTY_BODY = YES;
				CLANG_WARN_ENUM_CONVERSION = YES;
				CLANG_WARN_INFINITE_RECURSION = YES;
				CLANG_WARN_INT_CONVERSION = YES;
				CLANG_WARN_NON_LITERAL_NULL_CONVERSION = YES;
				CLANG_WARN_OBJC_IMPLICIT_RETAIN_SELF = YES;
				CLANG_WARN_OBJC_LITERAL_CONVERSION = YES;
				CLANG_WARN_OBJC_ROOT_CLASS = YES_ERROR;
				CLANG_WARN_QUOTED_INCLUDE_IN_FRAMEWORK_HEADER = YES;
				CLANG_WARN_RANGE_LOOP_ANALYSIS = YES;
				CLANG_WARN_STRICT_PROTOTYPES = YES;
				CLANG_WARN_SUSPICIOUS_MOVE = YES;
				CLANG_WARN_UNGUARDED_AVAILABILITY = YES_AGGRESSIVE;
				CLANG_WARN_UNREACHABLE_CODE = YES;
				CLANG_WARN__DUPLICATE_METHOD_MATCH = YES;
				COPY_PHASE_STRIP = NO;
				DEBUG_INFORMATION_FORMAT = dwarf;
				ENABLE_STRICT_OBJC_MSGSEND = YES;
				ENABLE_TESTABILITY = YES;
				GCC_C_LANGUAGE_STANDARD = gnu11;
				GCC_DYNAMIC_NO_PIC = NO;
				GCC_NO_COMMON_BLOCKS = YES;
				GCC_OPTIMIZATION_LEVEL = 0;
				GCC_PREPROCESSOR_DEFINITIONS = (
					"DEBUG=1",
					"$(inherited)",
				);
				GCC_WARN_64_TO_32_BIT_CONVERSION = YES;
				GCC_WARN_ABOUT_RETURN_TYPE = YES_ERROR;
				GCC_WARN_UNDECLARED_SELECTOR = YES;
				GCC_WARN_UNINITIALIZED_AUTOS = YES_AGGRESSIVE;
				GCC_WARN_UNUSED_FUNCTION = YES;
				GCC_WARN_UNUSED_VARIABLE = YES;
				IPHONEOS_DEPLOYMENT_TARGET = 16.1;
				MTL_ENABLE_DEBUG_INFO = INCLUDE_SOURCE;
				MTL_FAST_MATH = YES;
				ONLY_ACTIVE_ARCH = YES;
				SDKROOT = iphoneos;
				SWIFT_ACTIVE_COMPILATION_CONDITIONS = DEBUG;
				SWIFT_OPTIMIZATION_LEVEL = "-Onone";
			};
			name = Debug;
		};
		BA205948293D268E004E23E6 /* Release */ = {
			isa = XCBuildConfiguration;
			buildSettings = {
				ALWAYS_SEARCH_USER_PATHS = NO;
				CLANG_ANALYZER_NONNULL = YES;
				CLANG_ANALYZER_NUMBER_OBJECT_CONVERSION = YES_AGGRESSIVE;
				CLANG_CXX_LANGUAGE_STANDARD = "gnu++20";
				CLANG_ENABLE_MODULES = YES;
				CLANG_ENABLE_OBJC_ARC = YES;
				CLANG_ENABLE_OBJC_WEAK = YES;
				CLANG_WARN_BLOCK_CAPTURE_AUTORELEASING = YES;
				CLANG_WARN_BOOL_CONVERSION = YES;
				CLANG_WARN_COMMA = YES;
				CLANG_WARN_CONSTANT_CONVERSION = YES;
				CLANG_WARN_DEPRECATED_OBJC_IMPLEMENTATIONS = YES;
				CLANG_WARN_DIRECT_OBJC_ISA_USAGE = YES_ERROR;
				CLANG_WARN_DOCUMENTATION_COMMENTS = YES;
				CLANG_WARN_EMPTY_BODY = YES;
				CLANG_WARN_ENUM_CONVERSION = YES;
				CLANG_WARN_INFINITE_RECURSION = YES;
				CLANG_WARN_INT_CONVERSION = YES;
				CLANG_WARN_NON_LITERAL_NULL_CONVERSION = YES;
				CLANG_WARN_OBJC_IMPLICIT_RETAIN_SELF = YES;
				CLANG_WARN_OBJC_LITERAL_CONVERSION = YES;
				CLANG_WARN_OBJC_ROOT_CLASS = YES_ERROR;
				CLANG_WARN_QUOTED_INCLUDE_IN_FRAMEWORK_HEADER = YES;
				CLANG_WARN_RANGE_LOOP_ANALYSIS = YES;
				CLANG_WARN_STRICT_PROTOTYPES = YES;
				CLANG_WARN_SUSPICIOUS_MOVE = YES;
				CLANG_WARN_UNGUARDED_AVAILABILITY = YES_AGGRESSIVE;
				CLANG_WARN_UNREACHABLE_CODE = YES;
				CLANG_WARN__DUPLICATE_METHOD_MATCH = YES;
				COPY_PHASE_STRIP = NO;
				DEBUG_INFORMATION_FORMAT = "dwarf-with-dsym";
				ENABLE_NS_ASSERTIONS = NO;
				ENABLE_STRICT_OBJC_MSGSEND = YES;
				GCC_C_LANGUAGE_STANDARD = gnu11;
				GCC_NO_COMMON_BLOCKS = YES;
				GCC_WARN_64_TO_32_BIT_CONVERSION = YES;
				GCC_WARN_ABOUT_RETURN_TYPE = YES_ERROR;
				GCC_WARN_UNDECLARED_SELECTOR = YES;
				GCC_WARN_UNINITIALIZED_AUTOS = YES_AGGRESSIVE;
				GCC_WARN_UNUSED_FUNCTION = YES;
				GCC_WARN_UNUSED_VARIABLE = YES;
				IPHONEOS_DEPLOYMENT_TARGET = 16.1;
				MTL_ENABLE_DEBUG_INFO = NO;
				MTL_FAST_MATH = YES;
				SDKROOT = iphoneos;
				SWIFT_COMPILATION_MODE = wholemodule;
				SWIFT_OPTIMIZATION_LEVEL = "-O";
				VALIDATE_PRODUCT = YES;
			};
			name = Release;
		};
		BA20594A293D268E004E23E6 /* Debug */ = {
			isa = XCBuildConfiguration;
			buildSettings = {
				ASSETCATALOG_COMPILER_APPICON_NAME = AppIcon;
				ASSETCATALOG_COMPILER_GLOBAL_ACCENT_COLOR_NAME = AccentColor;
				CODE_SIGN_STYLE = Automatic;
				CURRENT_PROJECT_VERSION = 1;
				GENERATE_INFOPLIST_FILE = YES;
				INFOPLIST_FILE = AssignFourTVBasics/Info.plist;
				INFOPLIST_KEY_UIApplicationSupportsIndirectInputEvents = YES;
				INFOPLIST_KEY_UILaunchStoryboardName = LaunchScreen;
				INFOPLIST_KEY_UIMainStoryboardFile = Main;
				INFOPLIST_KEY_UISupportedInterfaceOrientations_iPad = "UIInterfaceOrientationPortrait UIInterfaceOrientationPortraitUpsideDown UIInterfaceOrientationLandscapeLeft UIInterfaceOrientationLandscapeRight";
				INFOPLIST_KEY_UISupportedInterfaceOrientations_iPhone = "UIInterfaceOrientationPortrait UIInterfaceOrientationLandscapeLeft UIInterfaceOrientationLandscapeRight";
				LD_RUNPATH_SEARCH_PATHS = (
					"$(inherited)",
					"@executable_path/Frameworks",
				);
				MARKETING_VERSION = 1.0;
				PRODUCT_BUNDLE_IDENTIFIER = vishalvsutar.AssignFourTVBasics;
				PRODUCT_NAME = "$(TARGET_NAME)";
				SWIFT_EMIT_LOC_STRINGS = YES;
				SWIFT_VERSION = 5.0;
				TARGETED_DEVICE_FAMILY = "1,2";
			};
			name = Debug;
		};
		BA20594B293D268E004E23E6 /* Release */ = {
			isa = XCBuildConfiguration;
			buildSettings = {
				ASSETCATALOG_COMPILER_APPICON_NAME = AppIcon;
				ASSETCATALOG_COMPILER_GLOBAL_ACCENT_COLOR_NAME = AccentColor;
				CODE_SIGN_STYLE = Automatic;
				CURRENT_PROJECT_VERSION = 1;
				GENERATE_INFOPLIST_FILE = YES;
				INFOPLIST_FILE = AssignFourTVBasics/Info.plist;
				INFOPLIST_KEY_UIApplicationSupportsIndirectInputEvents = YES;
				INFOPLIST_KEY_UILaunchStoryboardName = LaunchScreen;
				INFOPLIST_KEY_UIMainStoryboardFile = Main;
				INFOPLIST_KEY_UISupportedInterfaceOrientations_iPad = "UIInterfaceOrientationPortrait UIInterfaceOrientationPortraitUpsideDown UIInterfaceOrientationLandscapeLeft UIInterfaceOrientationLandscapeRight";
				INFOPLIST_KEY_UISupportedInterfaceOrientations_iPhone = "UIInterfaceOrientationPortrait UIInterfaceOrientationLandscapeLeft UIInterfaceOrientationLandscapeRight";
				LD_RUNPATH_SEARCH_PATHS = (
					"$(inherited)",
					"@executable_path/Frameworks",
				);
				MARKETING_VERSION = 1.0;
				PRODUCT_BUNDLE_IDENTIFIER = vishalvsutar.AssignFourTVBasics;
				PRODUCT_NAME = "$(TARGET_NAME)";
				SWIFT_EMIT_LOC_STRINGS = YES;
				SWIFT_VERSION = 5.0;
				TARGETED_DEVICE_FAMILY = "1,2";
			};
			name = Release;
		};
/* End XCBuildConfiguration section */

/* Begin XCConfigurationList section */
		BA205930293D268C004E23E6 /* Build configuration list for PBXProject "AssignFourTVBasics" */ = {
			isa = XCConfigurationList;
			buildConfigurations = (
				BA205947293D268E004E23E6 /* Debug */,
				BA205948293D268E004E23E6 /* Release */,
			);
			defaultConfigurationIsVisible = 0;
			defaultConfigurationName = Release;
		};
		BA205949293D268E004E23E6 /* Build configuration list for PBXNativeTarget "AssignFourTVBasics" */ = {
			isa = XCConfigurationList;
			buildConfigurations = (
				BA20594A293D268E004E23E6 /* Debug */,
				BA20594B293D268E004E23E6 /* Release */,
			);
			defaultConfigurationIsVisible = 0;
			defaultConfigurationName = Release;
		};
/* End XCConfigurationList section */
	};
	rootObject = BA20592D293D268C004E23E6 /* Project object */;
}
